
Microsoft Visual Studio Solution File, Format Version 12.00
# Visual Studio Version 17
VisualStudioVersion = 17.2.32505.173
MinimumVisualStudioVersion = 10.0.40219.1
Project("{FAE04EC0-301F-11D3-BF4B-00C04F79EFBC}") = "Tugas2_API_KELOMPOK 3", "Tugas2_API_KELOMPOK 3\Tugas2_API_KELOMPOK 3.csproj", "{9FBBA7EA-06D8-468C-A832-B2F86DAA1257}"
EndProject
Global
	GlobalSection(SolutionConfigurationPlatforms) = preSolution
		Debug|Any CPU = Debug|Any CPU
		Release|Any CPU = Release|Any CPU
	EndGlobalSection
	GlobalSection(ProjectConfigurationPlatforms) = postSolution
		{9FBBA7EA-06D8-468C-A832-B2F86DAA1257}.Debug|Any CPU.ActiveCfg = Debug|Any CPU
		{9FBBA7EA-06D8-468C-A832-B2F86DAA1257}.Debug|Any CPU.Build.0 = Debug|Any CPU
		{9FBBA7EA-06D8-468C-A832-B2F86DAA1257}.Release|Any CPU.ActiveCfg = Release|Any CPU
		{9FBBA7EA-06D8-468C-A832-B2F86DAA1257}.Release|Any CPU.Build.0 = Release|Any CPU
	EndGlobalSection
	GlobalSection(SolutionProperties) = preSolution
		HideSolutionNode = FALSE
	EndGlobalSection
	GlobalSection(ExtensibilityGlobals) = postSolution
		SolutionGuid = {F4452087-8208-4146-B130-D711B57D70DB}
	EndGlobalSection
EndGlobal
